
Microsoft Visual Studio Solution File, Format Version 12.00
# Visual Studio Version 17
VisualStudioVersion = 17.8.34408.163
MinimumVisualStudioVersion = 10.0.40219.1
Project("{FAE04EC0-301F-11D3-BF4B-00C04F79EFBC}") = "UchebPraktika", "UchebPraktika.csproj", "{00BE28C2-ACDC-476F-A8FF-020BF4380F64}"
EndProject
Project("{FAE04EC0-301F-11D3-BF4B-00C04F79EFBC}") = "UnitTestProject2", "..\UnitTestProject2\UnitTestProject2.csproj", "{8A428416-D30D-4B14-89A1-C20AAF08A496}"
EndProject
Project("{FAE04EC0-301F-11D3-BF4B-00C04F79EFBC}") = "UnitTestProject3", "..\UnitTestProject3\UnitTestProject3.csproj", "{B54A6124-CAAE-4346-834B-B34B3911F9FC}"
EndProject
Global
	GlobalSection(SolutionConfigurationPlatforms) = preSolution
		Debug|Any CPU = Debug|Any CPU
		Release|Any CPU = Release|Any CPU
	EndGlobalSection
	GlobalSection(ProjectConfigurationPlatforms) = postSolution
		{00BE28C2-ACDC-476F-A8FF-020BF4380F64}.Debug|Any CPU.ActiveCfg = Debug|Any CPU
		{00BE28C2-ACDC-476F-A8FF-020BF4380F64}.Debug|Any CPU.Build.0 = Debug|Any CPU
		{00BE28C2-ACDC-476F-A8FF-020BF4380F64}.Release|Any CPU.ActiveCfg = Release|Any CPU
		{00BE28C2-ACDC-476F-A8FF-020BF4380F64}.Release|Any CPU.Build.0 = Release|Any CPU
		{8A428416-D30D-4B14-89A1-C20AAF08A496}.Debug|Any CPU.ActiveCfg = Debug|Any CPU
		{8A428416-D30D-4B14-89A1-C20AAF08A496}.Debug|Any CPU.Build.0 = Debug|Any CPU
		{8A428416-D30D-4B14-89A1-C20AAF08A496}.Release|Any CPU.ActiveCfg = Release|Any CPU
		{8A428416-D30D-4B14-89A1-C20AAF08A496}.Release|Any CPU.Build.0 = Release|Any CPU
		{B54A6124-CAAE-4346-834B-B34B3911F9FC}.Debug|Any CPU.ActiveCfg = Debug|Any CPU
		{B54A6124-CAAE-4346-834B-B34B3911F9FC}.Debug|Any CPU.Build.0 = Debug|Any CPU
		{B54A6124-CAAE-4346-834B-B34B3911F9FC}.Release|Any CPU.ActiveCfg = Release|Any CPU
		{B54A6124-CAAE-4346-834B-B34B3911F9FC}.Release|Any CPU.Build.0 = Release|Any CPU
	EndGlobalSection
	GlobalSection(SolutionProperties) = preSolution
		HideSolutionNode = FALSE
	EndGlobalSection
	GlobalSection(ExtensibilityGlobals) = postSolution
		SolutionGuid = {996B80CF-AF1C-4ABA-89B4-10CDB2BE2C02}
	EndGlobalSection
EndGlobal
